
Microsoft Visual Studio Solution File, Format Version 12.00
# Visual Studio Version 16
VisualStudioVersion = 25.0.1706.8
MinimumVisualStudioVersion = 10.0.40219.1
Project("{FAE04EC0-301F-11D3-BF4B-00C04F79EFBC}") = "ModalPresentationTest", "ModalPresentationTest\ModalPresentationTest.csproj", "{D45F06F3-9B48-4505-99AB-6A4FC77E6413}"
EndProject
Global
	GlobalSection(SolutionConfigurationPlatforms) = preSolution
		Debug|Any CPU = Debug|Any CPU
		Release|Any CPU = Release|Any CPU
	EndGlobalSection
	GlobalSection(ProjectConfigurationPlatforms) = postSolution
		{D45F06F3-9B48-4505-99AB-6A4FC77E6413}.Debug|Any CPU.ActiveCfg = Debug|Any CPU
		{D45F06F3-9B48-4505-99AB-6A4FC77E6413}.Debug|Any CPU.Build.0 = Debug|Any CPU
		{D45F06F3-9B48-4505-99AB-6A4FC77E6413}.Release|Any CPU.ActiveCfg = Release|Any CPU
		{D45F06F3-9B48-4505-99AB-6A4FC77E6413}.Release|Any CPU.Build.0 = Release|Any CPU
	EndGlobalSection
	GlobalSection(SolutionProperties) = preSolution
		HideSolutionNode = FALSE
	EndGlobalSection
	GlobalSection(ExtensibilityGlobals) = postSolution
		SolutionGuid = {D2F2FCDC-5F44-4D38-BEE2-11890EAF6B01}
	EndGlobalSection
EndGlobal
